{
  "originHash" : "61ac669eb3071b8e4fb2bbc2185dbfa28310ab4bbdb763d8b02f6ca4a9d589e0",
  "pins" : [
    {
      "identity" : "devicehardware",
      "kind" : "remoteSourceControl",
      "location" : "https://github.com/Shakshi3104/DeviceHardware.git",
      "state" : {
        "revision" : "fb40fb994ac5cde749d580197d4d8378a50a18bd",
        "version" : "3.4.0"
      }
    }
  ],
  "version" : 3
}
